
Microsoft Visual Studio Solution File, Format Version 12.00
# Visual Studio 15
VisualStudioVersion = 15.0.28010.2050
MinimumVisualStudioVersion = 10.0.40219.1
Project("{FAE04EC0-301F-11D3-BF4B-00C04F79EFBC}") = "Employee.Console", "Employee.Console\Employee.Console.csproj", "{1BB3822A-9E7D-432A-A535-1F6885F981D2}"
EndProject
Project("{FAE04EC0-301F-11D3-BF4B-00C04F79EFBC}") = "Employee.BL", "Employee.BL\Employee.BL.csproj", "{B0DC4DDB-58AA-468E-ABD0-4FE5A939261A}"
EndProject
Project("{FAE04EC0-301F-11D3-BF4B-00C04F79EFBC}") = "Employee.DA", "Employee.DA\Employee.DA.csproj", "{BD1A1526-A40F-4B1C-9826-2AA5793A8DB4}"
EndProject
Project("{FAE04EC0-301F-11D3-BF4B-00C04F79EFBC}") = "XUnitTestProjectEmployee", "XUnitTestProjectEmployee\XUnitTestProjectEmployee.csproj", "{6CCFFA12-8D97-4EC0-92CC-4B29C138B367}"
EndProject
Global
	GlobalSection(SolutionConfigurationPlatforms) = preSolution
		Debug|Any CPU = Debug|Any CPU
		Release|Any CPU = Release|Any CPU
	EndGlobalSection
	GlobalSection(ProjectConfigurationPlatforms) = postSolution
		{1BB3822A-9E7D-432A-A535-1F6885F981D2}.Debug|Any CPU.ActiveCfg = Debug|Any CPU
		{1BB3822A-9E7D-432A-A535-1F6885F981D2}.Debug|Any CPU.Build.0 = Debug|Any CPU
		{1BB3822A-9E7D-432A-A535-1F6885F981D2}.Release|Any CPU.ActiveCfg = Release|Any CPU
		{1BB3822A-9E7D-432A-A535-1F6885F981D2}.Release|Any CPU.Build.0 = Release|Any CPU
		{B0DC4DDB-58AA-468E-ABD0-4FE5A939261A}.Debug|Any CPU.ActiveCfg = Debug|Any CPU
		{B0DC4DDB-58AA-468E-ABD0-4FE5A939261A}.Debug|Any CPU.Build.0 = Debug|Any CPU
		{B0DC4DDB-58AA-468E-ABD0-4FE5A939261A}.Release|Any CPU.ActiveCfg = Release|Any CPU
		{B0DC4DDB-58AA-468E-ABD0-4FE5A939261A}.Release|Any CPU.Build.0 = Release|Any CPU
		{BD1A1526-A40F-4B1C-9826-2AA5793A8DB4}.Debug|Any CPU.ActiveCfg = Debug|Any CPU
		{BD1A1526-A40F-4B1C-9826-2AA5793A8DB4}.Debug|Any CPU.Build.0 = Debug|Any CPU
		{BD1A1526-A40F-4B1C-9826-2AA5793A8DB4}.Release|Any CPU.ActiveCfg = Release|Any CPU
		{BD1A1526-A40F-4B1C-9826-2AA5793A8DB4}.Release|Any CPU.Build.0 = Release|Any CPU
		{6CCFFA12-8D97-4EC0-92CC-4B29C138B367}.Debug|Any CPU.ActiveCfg = Debug|Any CPU
		{6CCFFA12-8D97-4EC0-92CC-4B29C138B367}.Debug|Any CPU.Build.0 = Debug|Any CPU
		{6CCFFA12-8D97-4EC0-92CC-4B29C138B367}.Release|Any CPU.ActiveCfg = Release|Any CPU
		{6CCFFA12-8D97-4EC0-92CC-4B29C138B367}.Release|Any CPU.Build.0 = Release|Any CPU
	EndGlobalSection
	GlobalSection(SolutionProperties) = preSolution
		HideSolutionNode = FALSE
	EndGlobalSection
	GlobalSection(ExtensibilityGlobals) = postSolution
		SolutionGuid = {29814491-9ACE-42AB-825B-08B667EBC290}
	EndGlobalSection
EndGlobal
